
Microsoft Visual Studio Solution File, Format Version 12.00
# Visual Studio Version 17
VisualStudioVersion = 17.9.34714.143
MinimumVisualStudioVersion = 10.0.40219.1
Project("{FAE04EC0-301F-11D3-BF4B-00C04F79EFBC}") = "FormularzWinForms", "FormularzWinForms\FormularzWinForms.csproj", "{1A993A28-D701-4B24-BC0C-1DC82CD1920D}"
EndProject
Global
	GlobalSection(SolutionConfigurationPlatforms) = preSolution
		Debug|Any CPU = Debug|Any CPU
		Release|Any CPU = Release|Any CPU
	EndGlobalSection
	GlobalSection(ProjectConfigurationPlatforms) = postSolution
		{1A993A28-D701-4B24-BC0C-1DC82CD1920D}.Debug|Any CPU.ActiveCfg = Debug|Any CPU
		{1A993A28-D701-4B24-BC0C-1DC82CD1920D}.Debug|Any CPU.Build.0 = Debug|Any CPU
		{1A993A28-D701-4B24-BC0C-1DC82CD1920D}.Release|Any CPU.ActiveCfg = Release|Any CPU
		{1A993A28-D701-4B24-BC0C-1DC82CD1920D}.Release|Any CPU.Build.0 = Release|Any CPU
	EndGlobalSection
	GlobalSection(SolutionProperties) = preSolution
		HideSolutionNode = FALSE
	EndGlobalSection
	GlobalSection(ExtensibilityGlobals) = postSolution
		SolutionGuid = {5947C5F8-2AD7-4CAB-B4F8-E0187C8F97EE}
	EndGlobalSection
EndGlobal
